
Microsoft Visual Studio Solution File, Format Version 12.00
# Visual Studio Version 16
VisualStudioVersion = 16.0.29609.76
MinimumVisualStudioVersion = 10.0.40219.1
Project("{FAE04EC0-301F-11D3-BF4B-00C04F79EFBC}") = "Kazimirik.TechnologiaProgramirovania.Core", "Kazimirik.TechnologiaProgramirovania.Core\Kazimirik.TechnologiaProgramirovania.Core.csproj", "{E471F80F-5ED1-4DAA-B2F5-82C9B9D979D6}"
EndProject
Project("{FAE04EC0-301F-11D3-BF4B-00C04F79EFBC}") = "Kazimirik.TechnologiaProgramirovania.Classes", "Kazimirik.TechnologiaProgramirovania.Classes\Kazimirik.TechnologiaProgramirovania.Classes.csproj", "{C108FC10-E0B1-47EE-86B0-C1854EAA3479}"
EndProject
Global
	GlobalSection(SolutionConfigurationPlatforms) = preSolution
		Debug|Any CPU = Debug|Any CPU
		Release|Any CPU = Release|Any CPU
	EndGlobalSection
	GlobalSection(ProjectConfigurationPlatforms) = postSolution
		{E471F80F-5ED1-4DAA-B2F5-82C9B9D979D6}.Debug|Any CPU.ActiveCfg = Debug|Any CPU
		{E471F80F-5ED1-4DAA-B2F5-82C9B9D979D6}.Debug|Any CPU.Build.0 = Debug|Any CPU
		{E471F80F-5ED1-4DAA-B2F5-82C9B9D979D6}.Release|Any CPU.ActiveCfg = Release|Any CPU
		{E471F80F-5ED1-4DAA-B2F5-82C9B9D979D6}.Release|Any CPU.Build.0 = Release|Any CPU
		{C108FC10-E0B1-47EE-86B0-C1854EAA3479}.Debug|Any CPU.ActiveCfg = Debug|Any CPU
		{C108FC10-E0B1-47EE-86B0-C1854EAA3479}.Debug|Any CPU.Build.0 = Debug|Any CPU
		{C108FC10-E0B1-47EE-86B0-C1854EAA3479}.Release|Any CPU.ActiveCfg = Release|Any CPU
		{C108FC10-E0B1-47EE-86B0-C1854EAA3479}.Release|Any CPU.Build.0 = Release|Any CPU
	EndGlobalSection
	GlobalSection(SolutionProperties) = preSolution
		HideSolutionNode = FALSE
	EndGlobalSection
	GlobalSection(ExtensibilityGlobals) = postSolution
		SolutionGuid = {22434FA8-D1F5-4633-8EA7-ADB1188DECE4}
	EndGlobalSection
EndGlobal
